Microsoft Visual Studio Solution File, Format Version 12.00
# Visual Studio 2012
Project("{FAE04EC0-301F-11D3-BF4B-00C04F79EFBC}") = "WheelTest", "WheelTest.csproj", "{92A19B68-2571-454A-AB5F-D2F17C9F9FFF}"
EndProject
Global
	GlobalSection(SolutionConfigurationPlatforms) = preSolution
	Debug|Any CPU = Debug|Any CPU
	ExportDebug|Any CPU = ExportDebug|Any CPU
	ExportRelease|Any CPU = ExportRelease|Any CPU
	EndGlobalSection
	GlobalSection(ProjectConfigurationPlatforms) = postSolution
		{92A19B68-2571-454A-AB5F-D2F17C9F9FFF}.Debug|Any CPU.ActiveCfg = Debug|Any CPU
		{92A19B68-2571-454A-AB5F-D2F17C9F9FFF}.Debug|Any CPU.Build.0 = Debug|Any CPU
		{92A19B68-2571-454A-AB5F-D2F17C9F9FFF}.ExportDebug|Any CPU.ActiveCfg = ExportDebug|Any CPU
		{92A19B68-2571-454A-AB5F-D2F17C9F9FFF}.ExportDebug|Any CPU.Build.0 = ExportDebug|Any CPU
		{92A19B68-2571-454A-AB5F-D2F17C9F9FFF}.ExportRelease|Any CPU.ActiveCfg = ExportRelease|Any CPU
		{92A19B68-2571-454A-AB5F-D2F17C9F9FFF}.ExportRelease|Any CPU.Build.0 = ExportRelease|Any CPU
	EndGlobalSection
EndGlobal
